<?xml version="1.0" encoding="utf-8"?>
<Project ToolsVersion="4.0" xmlns="http://schemas.microsoft.com/developer/msbuild/2003">
  <ItemGroup>
    <Filter Include="Source Files">
      <UniqueIdentifier>{fd9cc81a-a032-4814-8be8-90ff9a7f00be}</UniqueIdentifier>
      <Extensions>cpp;c;cxx;rc;def;r;odl;idl;hpj;bat</Extensions>
    </Filter>
    <Filter Include="Header Files">
      <UniqueIdentifier>{1e9f74c2-046b-46a6-940a-e25a3aa0b2e4}</UniqueIdentifier>
      <Extensions>h;hpp;hxx;hm;inl</Extensions>
    </Filter>
    <Filter Include="Resource Files">
      <UniqueIdentifier>{b4baa348-a66d-4830-ad3c-35a1755b0b2b}</UniqueIdentifier>
      <Extensions>ico;cur;bmp;dlg;rc2;rct;bin;rgs;gif;jpg;jpeg;jpe</Extensions>
    </Filter>
  </ItemGroup>
  <ItemGroup>
    <ClCompile Include="AVIProducer.cpp">
      <Filter>Source Files</Filter>
    </ClCompile>
    <ClCompile Include="Dib.cpp">
      <Filter>Source Files</Filter>
    </ClCompile>
    <ClCompile Include="FrameRateDlg.cpp">
      <Filter>Source Files</Filter>
    </ClCompile>
    <ClCompile Include="ImageDeal.cpp">
      <Filter>Source Files</Filter>
    </ClCompile>
    <ClCompile Include="ImageDeal1.cpp">
      <Filter>Source Files</Filter>
    </ClCompile>
    <ClCompile Include="ImageDeal2.cpp">
      <Filter>Source Files</Filter>
    </ClCompile>
    <ClCompile Include="ImageDeal3.cpp">
      <Filter>Source Files</Filter>
    </ClCompile>
    <ClCompile Include="KirschEdgeDetect.cpp">
      <Filter>Source Files</Filter>
    </ClCompile>
    <ClCompile Include="LineSignal.cpp">
      <Filter>Source Files</Filter>
    </ClCompile>
    <ClCompile Include="MainFrm.cpp">
      <Filter>Source Files</Filter>
    </ClCompile>
    <ClCompile Include="MathMorphology.cpp">
      <Filter>Source Files</Filter>
    </ClCompile>
    <ClCompile Include="SetCheckLineDlg.cpp">
      <Filter>Source Files</Filter>
    </ClCompile>
    <ClCompile Include="SetRoadWayParaDlg.cpp">
      <Filter>Source Files</Filter>
    </ClCompile>
    <ClCompile Include="StdAfx.cpp">
      <Filter>Source Files</Filter>
    </ClCompile>
    <ClCompile Include="TotalParameterView.cpp">
      <Filter>Source Files</Filter>
    </ClCompile>
    <ClCompile Include="TransFlowPara.cpp">
      <Filter>Source Files</Filter>
    </ClCompile>
    <ClCompile Include="VehicleFlowCounter.cpp">
      <Filter>Source Files</Filter>
    </ClCompile>
    <ClCompile Include="VehicleFlowCounterDoc.cpp">
      <Filter>Source Files</Filter>
    </ClCompile>
    <ClCompile Include="VehicleFlowCounterView.cpp">
      <Filter>Source Files</Filter>
    </ClCompile>
  </ItemGroup>
  <ItemGroup>
    <ResourceCompile Include="VehicleFlowCounter.rc">
      <Filter>Source Files</Filter>
    </ResourceCompile>
  </ItemGroup>
  <ItemGroup>
    <ClInclude Include="AVIProducer.h">
      <Filter>Header Files</Filter>
    </ClInclude>
    <ClInclude Include="Dib.h">
      <Filter>Header Files</Filter>
    </ClInclude>
    <ClInclude Include="FlowCounter.h">
      <Filter>Header Files</Filter>
    </ClInclude>
    <ClInclude Include="FrameRateDlg.h">
      <Filter>Header Files</Filter>
    </ClInclude>
    <ClInclude Include="ImageDeal.h">
      <Filter>Header Files</Filter>
    </ClInclude>
    <ClInclude Include="ImageDeal1.h">
      <Filter>Header Files</Filter>
    </ClInclude>
    <ClInclude Include="ImageDeal2.h">
      <Filter>Header Files</Filter>
    </ClInclude>
    <ClInclude Include="ImageDeal3.h">
      <Filter>Header Files</Filter>
    </ClInclude>
    <ClInclude Include="KirschEdgeDetect.h">
      <Filter>Header Files</Filter>
    </ClInclude>
    <ClInclude Include="LineSignal.h">
      <Filter>Header Files</Filter>
    </ClInclude>
    <ClInclude Include="MacDefine.h">
      <Filter>Header Files</Filter>
    </ClInclude>
    <ClInclude Include="MainFrm.h">
      <Filter>Header Files</Filter>
    </ClInclude>
    <ClInclude Include="MathMorphology.h">
      <Filter>Header Files</Filter>
    </ClInclude>
    <ClInclude Include="Resource.h">
      <Filter>Header Files</Filter>
    </ClInclude>
    <ClInclude Include="SetCheckLineDlg.h">
      <Filter>Header Files</Filter>
    </ClInclude>
    <ClInclude Include="SetRoadWayParaDlg.h">
      <Filter>Header Files</Filter>
    </ClInclude>
    <ClInclude Include="StdAfx.h">
      <Filter>Header Files</Filter>
    </ClInclude>
    <ClInclude Include="TotalParameterView.h">
      <Filter>Header Files</Filter>
    </ClInclude>
    <ClInclude Include="TransFlowPara.h">
      <Filter>Header Files</Filter>
    </ClInclude>
    <ClInclude Include="VehicleFlowCounter.h">
      <Filter>Header Files</Filter>
    </ClInclude>
    <ClInclude Include="VehicleFlowCounterDoc.h">
      <Filter>Header Files</Filter>
    </ClInclude>
    <ClInclude Include="VehicleFlowCounterView.h">
      <Filter>Header Files</Filter>
    </ClInclude>
  </ItemGroup>
  <ItemGroup>
    <CustomBuild Include="res\icon1.ico">
      <Filter>Resource Files</Filter>
    </CustomBuild>
    <CustomBuild Include="res\Toolbar.bmp">
      <Filter>Resource Files</Filter>
    </CustomBuild>
    <CustomBuild Include="res\VehicleFlowCounter.ico">
      <Filter>Resource Files</Filter>
    </CustomBuild>
    <CustomBuild Include="res\VehicleFlowCounter.rc2">
      <Filter>Resource Files</Filter>
    </CustomBuild>
    <CustomBuild Include="res\VehicleFlowCounterDoc.ico">
      <Filter>Resource Files</Filter>
    </CustomBuild>
    <CustomBuild Include="ReadMe.txt" />
  </ItemGroup>
</Project>